
Microsoft Visual Studio Solution File, Format Version 12.00
# Visual Studio Version 17
VisualStudioVersion = 17.3.32929.385
MinimumVisualStudioVersion = 10.0.40219.1
Project("{FAE04EC0-301F-11D3-BF4B-00C04F79EFBC}") = "Swen_Projekt", "Swen_Projekt\Swen_Projekt.csproj", "{121F31C9-D9CA-4D99-A2F6-F4A7CEC6BDDE}"
EndProject
Global
	GlobalSection(SolutionConfigurationPlatforms) = preSolution
		Debug|Any CPU = Debug|Any CPU
		Release|Any CPU = Release|Any CPU
	EndGlobalSection
	GlobalSection(ProjectConfigurationPlatforms) = postSolution
		{121F31C9-D9CA-4D99-A2F6-F4A7CEC6BDDE}.Debug|Any CPU.ActiveCfg = Debug|Any CPU
		{121F31C9-D9CA-4D99-A2F6-F4A7CEC6BDDE}.Debug|Any CPU.Build.0 = Debug|Any CPU
		{121F31C9-D9CA-4D99-A2F6-F4A7CEC6BDDE}.Release|Any CPU.ActiveCfg = Release|Any CPU
		{121F31C9-D9CA-4D99-A2F6-F4A7CEC6BDDE}.Release|Any CPU.Build.0 = Release|Any CPU
	EndGlobalSection
	GlobalSection(SolutionProperties) = preSolution
		HideSolutionNode = FALSE
	EndGlobalSection
	GlobalSection(ExtensibilityGlobals) = postSolution
		SolutionGuid = {66EC4DE5-5328-48EF-ABE0-67B9D0885F65}
	EndGlobalSection
EndGlobal
